
Microsoft Visual Studio Solution File, Format Version 12.00
# Visual Studio Version 16
VisualStudioVersion = 16.0.30907.101
MinimumVisualStudioVersion = 10.0.40219.1
Project("{FAE04EC0-301F-11D3-BF4B-00C04F79EFBC}") = "BulkFileParser", "BulkFileParser.csproj", "{BF296115-675B-4473-B1AA-F489221BA844}"
EndProject
Global
	GlobalSection(SolutionConfigurationPlatforms) = preSolution
		Debug|Any CPU = Debug|Any CPU
		Debug|x86 = Debug|x86
		Release|Any CPU = Release|Any CPU
		Release|x86 = Release|x86
	EndGlobalSection
	GlobalSection(ProjectConfigurationPlatforms) = postSolution
		{BF296115-675B-4473-B1AA-F489221BA844}.Debug|Any CPU.ActiveCfg = Debug|Any CPU
		{BF296115-675B-4473-B1AA-F489221BA844}.Debug|Any CPU.Build.0 = Debug|Any CPU
		{BF296115-675B-4473-B1AA-F489221BA844}.Debug|x86.ActiveCfg = Debug|x86
		{BF296115-675B-4473-B1AA-F489221BA844}.Debug|x86.Build.0 = Debug|x86
		{BF296115-675B-4473-B1AA-F489221BA844}.Release|Any CPU.ActiveCfg = Release|Any CPU
		{BF296115-675B-4473-B1AA-F489221BA844}.Release|Any CPU.Build.0 = Release|Any CPU
		{BF296115-675B-4473-B1AA-F489221BA844}.Release|x86.ActiveCfg = Release|x86
		{BF296115-675B-4473-B1AA-F489221BA844}.Release|x86.Build.0 = Release|x86
	EndGlobalSection
	GlobalSection(SolutionProperties) = preSolution
		HideSolutionNode = FALSE
	EndGlobalSection
	GlobalSection(ExtensibilityGlobals) = postSolution
		SolutionGuid = {E8D11816-1513-418C-8424-582C488A9551}
	EndGlobalSection
EndGlobal
